// !$*UTF8*$!
{
	archiveVersion = 1;
	classes = {
	};
	objectVersion = 46;
	objects = {

/* Begin PBXBuildFile section */
		9BB8671318C5A3A000DD431E /* Foundation.framework in Frameworks */ = {isa = PBXBuildFile; fileRef = 9BB8671218C5A3A000DD431E /* Foundation.framework */; };
		9BB8671518C5A3A000DD431E /* CoreGraphics.framework in Frameworks */ = {isa = PBXBuildFile; fileRef = 9BB8671418C5A3A000DD431E /* CoreGraphics.framework */; };
		9BB8671718C5A3A000DD431E /* UIKit.framework in Frameworks */ = {isa = PBXBuildFile; fileRef = 9BB8671618C5A3A000DD431E /* UIKit.framework */; };
		9BB8671D18C5A3A000DD431E /* InfoPlist.strings in Resources */ = {isa = PBXBuildFile; fileRef = 9BB8671B18C5A3A000DD431E /* InfoPlist.strings */; };
		9BB8671F18C5A3A000DD431E /* main.m in Sources */ = {isa = PBXBuildFile; fileRef = 9BB8671E18C5A3A000DD431E /* main.m */; };
		9BB8672318C5A3A000DD431E /* SHAppDelegate.m in Sources */ = {isa = PBXBuildFile; fileRef = 9BB8672218C5A3A000DD431E /* SHAppDelegate.m */; };
		9BB8672918C5A3A000DD431E /* SHViewController.m in Sources */ = {isa = PBXBuildFile; fileRef = 9BB8672818C5A3A000DD431E /* SHViewController.m */; };
		9BB8672B18C5A3A000DD431E /* Images.xcassets in Resources */ = {isa = PBXBuildFile; fileRef = 9BB8672A18C5A3A000DD431E /* Images.xcassets */; };
		9BB8673218C5A3A000DD431E /* XCTest.framework in Frameworks */ = {isa = PBXBuildFile; fileRef = 9BB8673118C5A3A000DD431E /* XCTest.framework */; };
		9BB8673318C5A3A000DD431E /* Foundation.framework in Frameworks */ = {isa = PBXBuildFile; fileRef = 9BB8671218C5A3A000DD431E /* Foundation.framework */; };
		9BB8673418C5A3A000DD431E /* UIKit.framework in Frameworks */ = {isa = PBXBuildFile; fileRef = 9BB8671618C5A3A000DD431E /* UIKit.framework */; };
		9BB8673C18C5A3A000DD431E /* InfoPlist.strings in Resources */ = {isa = PBXBuildFile; fileRef = 9BB8673A18C5A3A000DD431E /* InfoPlist.strings */; };
		9BB8673E18C5A3A000DD431E /* RetainCountTests.m in Sources */ = {isa = PBXBuildFile; fileRef = 9BB8673D18C5A3A000DD431E /* RetainCountTests.m */; };
		9BB8674918C5A4EB00DD431E /* SHReferenceObject.m in Sources */ = {isa = PBXBuildFile; fileRef = 9BB8674818C5A4EB00DD431E /* SHReferenceObject.m */; };
		9BB8674C18C5A50F00DD431E /* SHAnotherObject.m in Sources */ = {isa = PBXBuildFile; fileRef = 9BB8674B18C5A50F00DD431E /* SHAnotherObject.m */; };
/* End PBXBuildFile section */

/* Begin PBXContainerItemProxy section */
		9BB8673518C5A3A000DD431E /* PBXContainerItemProxy */ = {
			isa = PBXContainerItemProxy;
			containerPortal = 9BB8670718C5A3A000DD431E /* Project object */;
			proxyType = 1;
			remoteGlobalIDString = 9BB8670E18C5A3A000DD431E;
			remoteInfo = RetainCount;
		};
/* End PBXContainerItemProxy section */

/* Begin PBXFileReference section */
		9BB8670F18C5A3A000DD431E /* RetainCount.app */ = {isa = PBXFileReference; explicitFileType = wrapper.application; includeInIndex = 0; path = RetainCount.app; sourceTree = BUILT_PRODUCTS_DIR; };
		9BB8671218C5A3A000DD431E /* Foundation.framework */ = {isa = PBXFileReference; lastKnownFileType = wrapper.framework; name = Foundation.framework; path = System/Library/Frameworks/Foundation.framework; sourceTree = SDKROOT; };
		9BB8671418C5A3A000DD431E /* CoreGraphics.framework */ = {isa = PBXFileReference; lastKnownFileType = wrapper.framework; name = CoreGraphics.framework; path = System/Library/Frameworks/CoreGraphics.framework; sourceTree = SDKROOT; };
		9BB8671618C5A3A000DD431E /* UIKit.framework */ = {isa = PBXFileReference; lastKnownFileType = wrapper.framework; name = UIKit.framework; path = System/Library/Frameworks/UIKit.framework; sourceTree = SDKROOT; };
		9BB8671A18C5A3A000DD431E /* RetainCount-Info.plist */ = {isa = PBXFileReference; lastKnownFileType = text.plist.xml; path = "RetainCount-Info.plist"; sourceTree = "<group>"; };
		9BB8671C18C5A3A000DD431E /* en */ = {isa = PBXFileReference; lastKnownFileType = text.plist.strings; name = en; path = en.lproj/InfoPlist.strings; sourceTree = "<group>"; };
		9BB8671E18C5A3A000DD431E /* main.m */ = {isa = PBXFileReference; lastKnownFileType = sourcecode.c.objc; path = main.m; sourceTree = "<group>"; };
		9BB8672018C5A3A000DD431E /* RetainCount-Prefix.pch */ = {isa = PBXFileReference; lastKnownFileType = sourcecode.c.h; path = "RetainCount-Prefix.pch"; sourceTree = "<group>"; };
		9BB8672118C5A3A000DD431E /* SHAppDelegate.h */ = {isa = PBXFileReference; lastKnownFileType = sourcecode.c.h; path = SHAppDelegate.h; sourceTree = "<group>"; };
		9BB8672218C5A3A000DD431E /* SHAppDelegate.m */ = {isa = PBXFileReference; lastKnownFileType = sourcecode.c.objc; path = SHAppDelegate.m; sourceTree = "<group>"; };
		9BB8672718C5A3A000DD431E /* SHViewController.h */ = {isa = PBXFileReference; lastKnownFileType = sourcecode.c.h; path = SHViewController.h; sourceTree = "<group>"; };
		9BB8672818C5A3A000DD431E /* SHViewController.m */ = {isa = PBXFileReference; lastKnownFileType = sourcecode.c.objc; path = SHViewController.m; sourceTree = "<group>"; };
		9BB8672A18C5A3A000DD431E /* Images.xcassets */ = {isa = PBXFileReference; lastKnownFileType = folder.assetcatalog; path = Images.xcassets; sourceTree = "<group>"; };
		9BB8673018C5A3A000DD431E /* RetainCountTests.xctest */ = {isa = PBXFileReference; explicitFileType = wrapper.cfbundle; includeInIndex = 0; path = RetainCountTests.xctest; sourceTree = BUILT_PRODUCTS_DIR; };
		9BB8673118C5A3A000DD431E /* XCTest.framework */ = {isa = PBXFileReference; lastKnownFileType = wrapper.framework; name = XCTest.framework; path = Library/Frameworks/XCTest.framework; sourceTree = DEVELOPER_DIR; };
		9BB8673918C5A3A000DD431E /* RetainCountTests-Info.plist */ = {isa = PBXFileReference; lastKnownFileType = text.plist.xml; path = "RetainCountTests-Info.plist"; sourceTree = "<group>"; };
		9BB8673B18C5A3A000DD431E /* en */ = {isa = PBXFileReference; lastKnownFileType = text.plist.strings; name = en; path = en.lproj/InfoPlist.strings; sourceTree = "<group>"; };
		9BB8673D18C5A3A000DD431E /* RetainCountTests.m */ = {isa = PBXFileReference; lastKnownFileType = sourcecode.c.objc; path = RetainCountTests.m; sourceTree = "<group>"; };
		9BB8674718C5A4EB00DD431E /* SHReferenceObject.h */ = {isa = PBXFileReference; fileEncoding = 4; lastKnownFileType = sourcecode.c.h; path = SHReferenceObject.h; sourceTree = "<group>"; };
		9BB8674818C5A4EB00DD431E /* SHReferenceObject.m */ = {isa = PBXFileReference; fileEncoding = 4; lastKnownFileType = sourcecode.c.objc; path = SHReferenceObject.m; sourceTree = "<group>"; };
		9BB8674A18C5A50F00DD431E /* SHAnotherObject.h */ = {isa = PBXFileReference; fileEncoding = 4; lastKnownFileType = sourcecode.c.h; path = SHAnotherObject.h; sourceTree = "<group>"; };
		9BB8674B18C5A50F00DD431E /* SHAnotherObject.m */ = {isa = PBXFileReference; fileEncoding = 4; lastKnownFileType = sourcecode.c.objc; path = SHAnotherObject.m; sourceTree = "<group>"; };
/* End PBXFileReference section */

/* Begin PBXFrameworksBuildPhase section */
		9BB8670C18C5A3A000DD431E /* Frameworks */ = {
			isa = PBXFrameworksBuildPhase;
			buildActionMask = 2147483647;
			files = (
				9BB8671518C5A3A000DD431E /* CoreGraphics.framework in Frameworks */,
				9BB8671718C5A3A000DD431E /* UIKit.framework in Frameworks */,
				9BB8671318C5A3A000DD431E /* Foundation.framework in Frameworks */,
			);
			runOnlyForDeploymentPostprocessing = 0;
		};
		9BB8672D18C5A3A000DD431E /* Frameworks */ = {
			isa = PBXFrameworksBuildPhase;
			buildActionMask = 2147483647;
			files = (
				9BB8673218C5A3A000DD431E /* XCTest.framework in Frameworks */,
				9BB8673418C5A3A000DD431E /* UIKit.framework in Frameworks */,
				9BB8673318C5A3A000DD431E /* Foundation.framework in Frameworks */,
			);
			runOnlyForDeploymentPostprocessing = 0;
		};
/* End PBXFrameworksBuildPhase section */

/* Begin PBXGroup section */
		9BB8670618C5A3A000DD431E = {
			isa = PBXGroup;
			children = (
				9BB8671818C5A3A000DD431E /* RetainCount */,
				9BB8673718C5A3A000DD431E /* RetainCountTests */,
				9BB8671118C5A3A000DD431E /* Frameworks */,
				9BB8671018C5A3A000DD431E /* Products */,
			);
			sourceTree = "<group>";
		};
		9BB8671018C5A3A000DD431E /* Products */ = {
			isa = PBXGroup;
			children = (
				9BB8670F18C5A3A000DD431E /* RetainCount.app */,
				9BB8673018C5A3A000DD431E /* RetainCountTests.xctest */,
			);
			name = Products;
			sourceTree = "<group>";
		};
		9BB8671118C5A3A000DD431E /* Frameworks */ = {
			isa = PBXGroup;
			children = (
				9BB8671218C5A3A000DD431E /* Foundation.framework */,
				9BB8671418C5A3A000DD431E /* CoreGraphics.framework */,
				9BB8671618C5A3A000DD431E /* UIKit.framework */,
				9BB8673118C5A3A000DD431E /* XCTest.framework */,
			);
			name = Frameworks;
			sourceTree = "<group>";
		};
		9BB8671818C5A3A000DD431E /* RetainCount */ = {
			isa = PBXGroup;
			children = (
				9BB8672118C5A3A000DD431E /* SHAppDelegate.h */,
				9BB8672218C5A3A000DD431E /* SHAppDelegate.m */,
				9BB8672718C5A3A000DD431E /* SHViewController.h */,
				9BB8672818C5A3A000DD431E /* SHViewController.m */,
				9BB8672A18C5A3A000DD431E /* Images.xcassets */,
				9BB8671918C5A3A000DD431E /* Supporting Files */,
				9BB8674718C5A4EB00DD431E /* SHReferenceObject.h */,
				9BB8674818C5A4EB00DD431E /* SHReferenceObject.m */,
				9BB8674A18C5A50F00DD431E /* SHAnotherObject.h */,
				9BB8674B18C5A50F00DD431E /* SHAnotherObject.m */,
			);
			path = RetainCount;
			sourceTree = "<group>";
		};
		9BB8671918C5A3A000DD431E /* Supporting Files */ = {
			isa = PBXGroup;
			children = (
				9BB8671A18C5A3A000DD431E /* RetainCount-Info.plist */,
				9BB8671B18C5A3A000DD431E /* InfoPlist.strings */,
				9BB8671E18C5A3A000DD431E /* main.m */,
				9BB8672018C5A3A000DD431E /* RetainCount-Prefix.pch */,
			);
			name = "Supporting Files";
			sourceTree = "<group>";
		};
		9BB8673718C5A3A000DD431E /* RetainCountTests */ = {
			isa = PBXGroup;
			children = (
				9BB8673D18C5A3A000DD431E /* RetainCountTests.m */,
				9BB8673818C5A3A000DD431E /* Supporting Files */,
			);
			path = RetainCountTests;
			sourceTree = "<group>";
		};
		9BB8673818C5A3A000DD431E /* Supporting Files */ = {
			isa = PBXGroup;
			children = (
				9BB8673918C5A3A000DD431E /* RetainCountTests-Info.plist */,
				9BB8673A18C5A3A000DD431E /* InfoPlist.strings */,
			);
			name = "Supporting Files";
			sourceTree = "<group>";
		};
/* End PBXGroup section */

/* Begin PBXNativeTarget section */
		9BB8670E18C5A3A000DD431E /* RetainCount */ = {
			isa = PBXNativeTarget;
			buildConfigurationList = 9BB8674118C5A3A000DD431E /* Build configuration list for PBXNativeTarget "RetainCount" */;
			buildPhases = (
				9BB8670B18C5A3A000DD431E /* Sources */,
				9BB8670C18C5A3A000DD431E /* Frameworks */,
				9BB8670D18C5A3A000DD431E /* Resources */,
			);
			buildRules = (
			);
			dependencies = (
			);
			name = RetainCount;
			productName = RetainCount;
			productReference = 9BB8670F18C5A3A000DD431E /* RetainCount.app */;
			productType = "com.apple.product-type.application";
		};
		9BB8672F18C5A3A000DD431E /* RetainCountTests */ = {
			isa = PBXNativeTarget;
			buildConfigurationList = 9BB8674418C5A3A000DD431E /* Build configuration list for PBXNativeTarget "RetainCountTests" */;
			buildPhases = (
				9BB8672C18C5A3A000DD431E /* Sources */,
				9BB8672D18C5A3A000DD431E /* Frameworks */,
				9BB8672E18C5A3A000DD431E /* Resources */,
			);
			buildRules = (
			);
			dependencies = (
				9BB8673618C5A3A000DD431E /* PBXTargetDependency */,
			);
			name = RetainCountTests;
			productName = RetainCountTests;
			productReference = 9BB8673018C5A3A000DD431E /* RetainCountTests.xctest */;
			productType = "com.apple.product-type.bundle.unit-test";
		};
/* End PBXNativeTarget section */

/* Begin PBXProject section */
		9BB8670718C5A3A000DD431E /* Project object */ = {
			isa = PBXProject;
			attributes = {
				CLASSPREFIX = SH;
				LastUpgradeCheck = 0500;
				ORGANIZATIONNAME = alibaba;
				TargetAttributes = {
					9BB8672F18C5A3A000DD431E = {
						TestTargetID = 9BB8670E18C5A3A000DD431E;
					};
				};
			};
			buildConfigurationList = 9BB8670A18C5A3A000DD431E /* Build configuration list for PBXProject "RetainCount" */;
			compatibilityVersion = "Xcode 3.2";
			developmentRegion = English;
			hasScannedForEncodings = 0;
			knownRegions = (
				en,
				Base,
			);
			mainGroup = 9BB8670618C5A3A000DD431E;
			productRefGroup = 9BB8671018C5A3A000DD431E /* Products */;
			projectDirPath = "";
			projectRoot = "";
			targets = (
				9BB8670E18C5A3A000DD431E /* RetainCount */,
				9BB8672F18C5A3A000DD431E /* RetainCountTests */,
			);
		};
/* End PBXProject section */

/* Begin PBXResourcesBuildPhase section */
		9BB8670D18C5A3A000DD431E /* Resources */ = {
			isa = PBXResourcesBuildPhase;
			buildActionMask = 2147483647;
			files = (
				9BB8672B18C5A3A000DD431E /* Images.xcassets in Resources */,
				9BB8671D18C5A3A000DD431E /* InfoPlist.strings in Resources */,
			);
			runOnlyForDeploymentPostprocessing = 0;
		};
		9BB8672E18C5A3A000DD431E /* Resources */ = {
			isa = PBXResourcesBuildPhase;
			buildActionMask = 2147483647;
			files = (
				9BB8673C18C5A3A000DD431E /* InfoPlist.strings in Resources */,
			);
			runOnlyForDeploymentPostprocessing = 0;
		};
/* End PBXResourcesBuildPhase section */

/* Begin PBXSourcesBuildPhase section */
		9BB8670B18C5A3A000DD431E /* Sources */ = {
			isa = PBXSourcesBuildPhase;
			buildActionMask = 2147483647;
			files = (
				9BB8674C18C5A50F00DD431E /* SHAnotherObject.m in Sources */,
				9BB8671F18C5A3A000DD431E /* main.m in Sources */,
				9BB8672918C5A3A000DD431E /* SHViewController.m in Sources */,
				9BB8672318C5A3A000DD431E /* SHAppDelegate.m in Sources */,
				9BB8674918C5A4EB00DD431E /* SHReferenceObject.m in Sources */,
			);
			runOnlyForDeploymentPostprocessing = 0;
		};
		9BB8672C18C5A3A000DD431E /* Sources */ = {
			isa = PBXSourcesBuildPhase;
			buildActionMask = 2147483647;
			files = (
				9BB8673E18C5A3A000DD431E /* RetainCountTests.m in Sources */,
			);
			runOnlyForDeploymentPostprocessing = 0;
		};
/* End PBXSourcesBuildPhase section */

/* Begin PBXTargetDependency section */
		9BB8673618C5A3A000DD431E /* PBXTargetDependency */ = {
			isa = PBXTargetDependency;
			target = 9BB8670E18C5A3A000DD431E /* RetainCount */;
			targetProxy = 9BB8673518C5A3A000DD431E /* PBXContainerItemProxy */;
		};
/* End PBXTargetDependency section */

/* Begin PBXVariantGroup section */
		9BB8671B18C5A3A000DD431E /* InfoPlist.strings */ = {
			isa = PBXVariantGroup;
			children = (
				9BB8671C18C5A3A000DD431E /* en */,
			);
			name = InfoPlist.strings;
			sourceTree = "<group>";
		};
		9BB8673A18C5A3A000DD431E /* InfoPlist.strings */ = {
			isa = PBXVariantGroup;
			children = (
				9BB8673B18C5A3A000DD431E /* en */,
			);
			name = InfoPlist.strings;
			sourceTree = "<group>";
		};
/* End PBXVariantGroup section */

/* Begin XCBuildConfiguration section */
		9BB8673F18C5A3A000DD431E /* Debug */ = {
			isa = XCBuildConfiguration;
			buildSettings = {
				ALWAYS_SEARCH_USER_PATHS = NO;
				ARCHS = "$(ARCHS_STANDARD_INCLUDING_64_BIT)";
				CLANG_CXX_LANGUAGE_STANDARD = "gnu++0x";
				CLANG_CXX_LIBRARY = "libc++";
				CLANG_ENABLE_MODULES = YES;
				CLANG_ENABLE_OBJC_ARC = YES;
				CLANG_WARN_BOOL_CONVERSION = YES;
				CLANG_WARN_CONSTANT_CONVERSION = YES;
				CLANG_WARN_DIRECT_OBJC_ISA_USAGE = YES_ERROR;
				CLANG_WARN_EMPTY_BODY = YES;
				CLANG_WARN_ENUM_CONVERSION = YES;
				CLANG_WARN_INT_CONVERSION = YES;
				CLANG_WARN_OBJC_ROOT_CLASS = YES_ERROR;
				CLANG_WARN__DUPLICATE_METHOD_MATCH = YES;
				"CODE_SIGN_IDENTITY[sdk=iphoneos*]" = "iPhone Developer";
				COPY_PHASE_STRIP = NO;
				GCC_C_LANGUAGE_STANDARD = gnu99;
				GCC_DYNAMIC_NO_PIC = NO;
				GCC_OPTIMIZATION_LEVEL = 0;
				GCC_PREPROCESSOR_DEFINITIONS = (
					"DEBUG=1",
					"$(inherited)",
				);
				GCC_SYMBOLS_PRIVATE_EXTERN = NO;
				GCC_WARN_64_TO_32_BIT_CONVERSION = YES;
				GCC_WARN_ABOUT_RETURN_TYPE = YES_ERROR;
				GCC_WARN_UNDECLARED_SELECTOR = YES;
				GCC_WARN_UNINITIALIZED_AUTOS = YES;
				GCC_WARN_UNUSED_FUNCTION = YES;
				GCC_WARN_UNUSED_VARIABLE = YES;
				IPHONEOS_DEPLOYMENT_TARGET = 7.0;
				ONLY_ACTIVE_ARCH = YES;
				SDKROOT = iphoneos;
			};
			name = Debug;
		};
		9BB8674018C5A3A000DD431E /* Release */ = {
			isa = XCBuildConfiguration;
			buildSettings = {
				ALWAYS_SEARCH_USER_PATHS = NO;
				ARCHS = "$(ARCHS_STANDARD_INCLUDING_64_BIT)";
				CLANG_CXX_LANGUAGE_STANDARD = "gnu++0x";
				CLANG_CXX_LIBRARY = "libc++";
				CLANG_ENABLE_MODULES = YES;
				CLANG_ENABLE_OBJC_ARC = YES;
				CLANG_WARN_BOOL_CONVERSION = YES;
				CLANG_WARN_CONSTANT_CONVERSION = YES;
				CLANG_WARN_DIRECT_OBJC_ISA_USAGE = YES_ERROR;
				CLANG_WARN_EMPTY_BODY = YES;
				CLANG_WARN_ENUM_CONVERSION = YES;
				CLANG_WARN_INT_CONVERSION = YES;
				CLANG_WARN_OBJC_ROOT_CLASS = YES_ERROR;
				CLANG_WARN__DUPLICATE_METHOD_MATCH = YES;
				"CODE_SIGN_IDENTITY[sdk=iphoneos*]" = "iPhone Developer";
				COPY_PHASE_STRIP = YES;
				ENABLE_NS_ASSERTIONS = NO;
				GCC_C_LANGUAGE_STANDARD = gnu99;
				GCC_WARN_64_TO_32_BIT_CONVERSION = YES;
				GCC_WARN_ABOUT_RETURN_TYPE = YES_ERROR;
				GCC_WARN_UNDECLARED_SELECTOR = YES;
				GCC_WARN_UNINITIALIZED_AUTOS = YES;
				GCC_WARN_UNUSED_FUNCTION = YES;
				GCC_WARN_UNUSED_VARIABLE = YES;
				IPHONEOS_DEPLOYMENT_TARGET = 7.0;
				SDKROOT = iphoneos;
				VALIDATE_PRODUCT = YES;
			};
			name = Release;
		};
		9BB8674218C5A3A000DD431E /* Debug */ = {
			isa = XCBuildConfiguration;
			buildSettings = {
				ASSETCATALOG_COMPILER_APPICON_NAME = AppIcon;
				ASSETCATALOG_COMPILER_LAUNCHIMAGE_NAME = LaunchImage;
				CLANG_ENABLE_OBJC_ARC = NO;
				GCC_PRECOMPILE_PREFIX_HEADER = YES;
				GCC_PREFIX_HEADER = "RetainCount/RetainCount-Prefix.pch";
				INFOPLIST_FILE = "RetainCount/RetainCount-Info.plist";
				PRODUCT_NAME = "$(TARGET_NAME)";
				WRAPPER_EXTENSION = app;
			};
			name = Debug;
		};
		9BB8674318C5A3A000DD431E /* Release */ = {
			isa = XCBuildConfiguration;
			buildSettings = {
				ASSETCATALOG_COMPILER_APPICON_NAME = AppIcon;
				ASSETCATALOG_COMPILER_LAUNCHIMAGE_NAME = LaunchImage;
				CLANG_ENABLE_OBJC_ARC = NO;
				GCC_PRECOMPILE_PREFIX_HEADER = YES;
				GCC_PREFIX_HEADER = "RetainCount/RetainCount-Prefix.pch";
				INFOPLIST_FILE = "RetainCount/RetainCount-Info.plist";
				PRODUCT_NAME = "$(TARGET_NAME)";
				WRAPPER_EXTENSION = app;
			};
			name = Release;
		};
		9BB8674518C5A3A000DD431E /* Debug */ = {
			isa = XCBuildConfiguration;
			buildSettings = {
				ARCHS = "$(ARCHS_STANDARD_INCLUDING_64_BIT)";
				BUNDLE_LOADER = "$(BUILT_PRODUCTS_DIR)/RetainCount.app/RetainCount";
				FRAMEWORK_SEARCH_PATHS = (
					"$(SDKROOT)/Developer/Library/Frameworks",
					"$(inherited)",
					"$(DEVELOPER_FRAMEWORKS_DIR)",
				);
				GCC_PRECOMPILE_PREFIX_HEADER = YES;
				GCC_PREFIX_HEADER = "RetainCount/RetainCount-Prefix.pch";
				GCC_PREPROCESSOR_DEFINITIONS = (
					"DEBUG=1",
					"$(inherited)",
				);
				INFOPLIST_FILE = "RetainCountTests/RetainCountTests-Info.plist";
				PRODUCT_NAME = "$(TARGET_NAME)";
				TEST_HOST = "$(BUNDLE_LOADER)";
				WRAPPER_EXTENSION = xctest;
			};
			name = Debug;
		};
		9BB8674618C5A3A000DD431E /* Release */ = {
			isa = XCBuildConfiguration;
			buildSettings = {
				ARCHS = "$(ARCHS_STANDARD_INCLUDING_64_BIT)";
				BUNDLE_LOADER = "$(BUILT_PRODUCTS_DIR)/RetainCount.app/RetainCount";
				FRAMEWORK_SEARCH_PATHS = (
					"$(SDKROOT)/Developer/Library/Frameworks",
					"$(inherited)",
					"$(DEVELOPER_FRAMEWORKS_DIR)",
				);
				GCC_PRECOMPILE_PREFIX_HEADER = YES;
				GCC_PREFIX_HEADER = "RetainCount/RetainCount-Prefix.pch";
				INFOPLIST_FILE = "RetainCountTests/RetainCountTests-Info.plist";
				PRODUCT_NAME = "$(TARGET_NAME)";
				TEST_HOST = "$(BUNDLE_LOADER)";
				WRAPPER_EXTENSION = xctest;
			};
			name = Release;
		};
/* End XCBuildConfiguration section */

/* Begin XCConfigurationList section */
		9BB8670A18C5A3A000DD431E /* Build configuration list for PBXProject "RetainCount" */ = {
			isa = XCConfigurationList;
			buildConfigurations = (
				9BB8673F18C5A3A000DD431E /* Debug */,
				9BB8674018C5A3A000DD431E /* Release */,
			);
			defaultConfigurationIsVisible = 0;
			defaultConfigurationName = Release;
		};
		9BB8674118C5A3A000DD431E /* Build configuration list for PBXNativeTarget "RetainCount" */ = {
			isa = XCConfigurationList;
			buildConfigurations = (
				9BB8674218C5A3A000DD431E /* Debug */,
				9BB8674318C5A3A000DD431E /* Release */,
			);
			defaultConfigurationIsVisible = 0;
		};
		9BB8674418C5A3A000DD431E /* Build configuration list for PBXNativeTarget "RetainCountTests" */ = {
			isa = XCConfigurationList;
			buildConfigurations = (
				9BB8674518C5A3A000DD431E /* Debug */,
				9BB8674618C5A3A000DD431E /* Release */,
			);
			defaultConfigurationIsVisible = 0;
		};
/* End XCConfigurationList section */
	};
	rootObject = 9BB8670718C5A3A000DD431E /* Project object */;
}
